
Microsoft Visual Studio Solution File, Format Version 12.00
# Visual Studio 14
VisualStudioVersion = 14.0.25420.1
MinimumVisualStudioVersion = 10.0.40219.1
Project("{8BC9CEB8-8B4A-11D0-8D11-00A0C91BC942}") = "BlossomPoker", "BlossomPoker\BlossomPoker.vcxproj", "{BD101DB2-7148-4C8A-92C8-116CED14224F}"
EndProject
Project("{8BC9CEB8-8B4A-11D0-8D11-00A0C91BC942}") = "XPokerEval.CactusKev", "XPokerEval.CactusKev\XPokerEval.CactusKev.vcxproj", "{7A755327-F590-445B-B909-DDE032B9DD41}"
EndProject
Project("{8BC9CEB8-8B4A-11D0-8D11-00A0C91BC942}") = "XPokerEval.CactusKev.PerfectHash", "XPokerEval.CactusKev.PerfectHash\XPokerEval.CactusKev.PerfectHash.vcxproj", "{6953AE69-5914-4ED3-903F-7EF8ECEDA02D}"
EndProject
Project("{8BC9CEB8-8B4A-11D0-8D11-00A0C91BC942}") = "XPokerEval.TwoPlusTwo", "XPokerEval.TwoPlusTwo\XPokerEval.TwoPlusTwo.vcxproj", "{5F41BD64-6026-4281-BA18-82D03C031AF0}"
EndProject
Global
	GlobalSection(SolutionConfigurationPlatforms) = preSolution
		Debug|x64 = Debug|x64
		Debug|x86 = Debug|x86
		Release|x64 = Release|x64
		Release|x86 = Release|x86
	EndGlobalSection
	GlobalSection(ProjectConfigurationPlatforms) = postSolution
		{BD101DB2-7148-4C8A-92C8-116CED14224F}.Debug|x64.ActiveCfg = Debug|x64
		{BD101DB2-7148-4C8A-92C8-116CED14224F}.Debug|x64.Build.0 = Debug|x64
		{BD101DB2-7148-4C8A-92C8-116CED14224F}.Debug|x86.ActiveCfg = Debug|Win32
		{BD101DB2-7148-4C8A-92C8-116CED14224F}.Debug|x86.Build.0 = Debug|Win32
		{BD101DB2-7148-4C8A-92C8-116CED14224F}.Release|x64.ActiveCfg = Release|x64
		{BD101DB2-7148-4C8A-92C8-116CED14224F}.Release|x64.Build.0 = Release|x64
		{BD101DB2-7148-4C8A-92C8-116CED14224F}.Release|x86.ActiveCfg = Release|Win32
		{BD101DB2-7148-4C8A-92C8-116CED14224F}.Release|x86.Build.0 = Release|Win32
		{7A755327-F590-445B-B909-DDE032B9DD41}.Debug|x64.ActiveCfg = Debug|Win32
		{7A755327-F590-445B-B909-DDE032B9DD41}.Debug|x86.ActiveCfg = Debug|Win32
		{7A755327-F590-445B-B909-DDE032B9DD41}.Debug|x86.Build.0 = Debug|Win32
		{7A755327-F590-445B-B909-DDE032B9DD41}.Release|x64.ActiveCfg = Release|Win32
		{7A755327-F590-445B-B909-DDE032B9DD41}.Release|x86.ActiveCfg = Release|Win32
		{7A755327-F590-445B-B909-DDE032B9DD41}.Release|x86.Build.0 = Release|Win32
		{6953AE69-5914-4ED3-903F-7EF8ECEDA02D}.Debug|x64.ActiveCfg = Debug|Win32
		{6953AE69-5914-4ED3-903F-7EF8ECEDA02D}.Debug|x86.ActiveCfg = Debug|Win32
		{6953AE69-5914-4ED3-903F-7EF8ECEDA02D}.Debug|x86.Build.0 = Debug|Win32
		{6953AE69-5914-4ED3-903F-7EF8ECEDA02D}.Release|x64.ActiveCfg = Release|Win32
		{6953AE69-5914-4ED3-903F-7EF8ECEDA02D}.Release|x86.ActiveCfg = Release|Win32
		{6953AE69-5914-4ED3-903F-7EF8ECEDA02D}.Release|x86.Build.0 = Release|Win32
		{5F41BD64-6026-4281-BA18-82D03C031AF0}.Debug|x64.ActiveCfg = Debug|Win32
		{5F41BD64-6026-4281-BA18-82D03C031AF0}.Debug|x86.ActiveCfg = Debug|Win32
		{5F41BD64-6026-4281-BA18-82D03C031AF0}.Debug|x86.Build.0 = Debug|Win32
		{5F41BD64-6026-4281-BA18-82D03C031AF0}.Release|x64.ActiveCfg = Release|Win32
		{5F41BD64-6026-4281-BA18-82D03C031AF0}.Release|x86.ActiveCfg = Release|Win32
		{5F41BD64-6026-4281-BA18-82D03C031AF0}.Release|x86.Build.0 = Release|Win32
	EndGlobalSection
	GlobalSection(SolutionProperties) = preSolution
		HideSolutionNode = FALSE
	EndGlobalSection
EndGlobal
