<?xml version="1.0" encoding="utf-8"?>
<Project ToolsVersion="4.0" xmlns="http://schemas.microsoft.com/developer/msbuild/2003">
  <ItemGroup>
    <Filter Include="Source Files">
      <UniqueIdentifier>{4FC737F1-C7A5-4376-A066-2A32D752A2FF}</UniqueIdentifier>
      <Extensions>cpp;c;cc;cxx;def;odl;idl;hpj;bat;asm;asmx</Extensions>
    </Filter>
    <Filter Include="Header Files">
      <UniqueIdentifier>{93995380-89BD-4b04-88EB-625FBE52EBFB}</UniqueIdentifier>
      <Extensions>h;hh;hpp;hxx;hm;inl;inc;xsd</Extensions>
    </Filter>
    <Filter Include="Resource Files">
      <UniqueIdentifier>{67DA6AB6-F800-4c08-8B7A-83BB121AAD01}</UniqueIdentifier>
      <Extensions>rc;ico;cur;bmp;dlg;rc2;rct;bin;rgs;gif;jpg;jpeg;jpe;resx;tiff;tif;png;wav;mfcribbon-ms</Extensions>
    </Filter>
    <Filter Include="Header Files\Cards &amp; Decks">
      <UniqueIdentifier>{1174c991-e0b8-419a-8d7e-7026609c217b}</UniqueIdentifier>
    </Filter>
    <Filter Include="Source Files\Cards &amp; Decks">
      <UniqueIdentifier>{fb6725dd-f2ee-471f-a51d-7d9662f029b4}</UniqueIdentifier>
    </Filter>
    <Filter Include="Header Files\Player">
      <UniqueIdentifier>{878bf75d-6b06-4adc-a987-72b7ef884f31}</UniqueIdentifier>
    </Filter>
    <Filter Include="Source Files\Board">
      <UniqueIdentifier>{67436042-2833-4cda-9647-1a31bcb75fe4}</UniqueIdentifier>
    </Filter>
    <Filter Include="Source Files\Player">
      <UniqueIdentifier>{3ee7dc31-0d22-432d-a40b-df95bcd07db0}</UniqueIdentifier>
    </Filter>
    <Filter Include="Header Files\AI">
      <UniqueIdentifier>{359aa1f8-a085-49fd-8fbb-c20347feda93}</UniqueIdentifier>
    </Filter>
    <Filter Include="Header Files\AI\Dummy">
      <UniqueIdentifier>{cb5319ed-46e5-4444-a088-66a289ecb361}</UniqueIdentifier>
    </Filter>
    <Filter Include="Source Files\AI">
      <UniqueIdentifier>{4a95047a-583b-48cf-b67d-8e1f672b3d17}</UniqueIdentifier>
    </Filter>
    <Filter Include="Source Files\AI\Dummy">
      <UniqueIdentifier>{cd0836b8-90b9-4b26-b8a4-1af48e6e6c0f}</UniqueIdentifier>
    </Filter>
    <Filter Include="Header Files\Tools">
      <UniqueIdentifier>{22b95744-64d6-4781-9df5-8e405f6aecb8}</UniqueIdentifier>
    </Filter>
    <Filter Include="Source Files\Tools">
      <UniqueIdentifier>{d11d15a8-0456-423e-80f2-9a706921e19a}</UniqueIdentifier>
    </Filter>
    <Filter Include="Header Files\Table">
      <UniqueIdentifier>{a9fcae6a-363c-4395-b128-b9a2bd0c2064}</UniqueIdentifier>
    </Filter>
  </ItemGroup>
  <ItemGroup>
    <ClCompile Include="Card.cpp">
      <Filter>Source Files\Cards &amp; Decks</Filter>
    </ClCompile>
    <ClCompile Include="Deck.cpp">
      <Filter>Source Files\Cards &amp; Decks</Filter>
    </ClCompile>
    <ClCompile Include="Player.cpp">
      <Filter>Source Files\Player</Filter>
    </ClCompile>
    <ClCompile Include="Main.cpp">
      <Filter>Source Files</Filter>
    </ClCompile>
    <ClCompile Include="GameManager.cpp">
      <Filter>Source Files</Filter>
    </ClCompile>
    <ClCompile Include="Strategy.cpp">
      <Filter>Source Files\AI\Dummy</Filter>
    </ClCompile>
    <ClCompile Include="Orchastrator.cpp">
      <Filter>Source Files\AI\Dummy</Filter>
    </ClCompile>
    <ClCompile Include="BlossomAI.cpp">
      <Filter>Source Files\AI\Dummy</Filter>
    </ClCompile>
    <ClCompile Include="GeneticTest.cpp">
      <Filter>Source Files</Filter>
    </ClCompile>
    <ClCompile Include="LogWriter.cpp">
      <Filter>Source Files\Tools</Filter>
    </ClCompile>
    <ClCompile Include="Scheduler.cpp">
      <Filter>Source Files\Tools</Filter>
    </ClCompile>
    <ClCompile Include="HandEvaluator.cpp">
      <Filter>Source Files\Cards &amp; Decks</Filter>
    </ClCompile>
    <ClCompile Include="Table.cpp">
      <Filter>Source Files\Board</Filter>
    </ClCompile>
    <ClCompile Include="Tournament.cpp">
      <Filter>Source Files</Filter>
    </ClCompile>
  </ItemGroup>
  <ItemGroup>
    <ClInclude Include="Card.h">
      <Filter>Header Files\Cards &amp; Decks</Filter>
    </ClInclude>
    <ClInclude Include="Deck.h">
      <Filter>Header Files\Cards &amp; Decks</Filter>
    </ClInclude>
    <ClInclude Include="BettingAction.h">
      <Filter>Header Files\Player</Filter>
    </ClInclude>
    <ClInclude Include="Player.h">
      <Filter>Header Files\Player</Filter>
    </ClInclude>
    <ClInclude Include="ComparisonResult.h">
      <Filter>Header Files\Cards &amp; Decks</Filter>
    </ClInclude>
    <ClInclude Include="GameManager.h">
      <Filter>Header Files</Filter>
    </ClInclude>
    <ClInclude Include="Snapshot.h">
      <Filter>Header Files\AI</Filter>
    </ClInclude>
    <ClInclude Include="Suit.h">
      <Filter>Header Files\Cards &amp; Decks</Filter>
    </ClInclude>
    <ClInclude Include="Hand.h">
      <Filter>Header Files\Cards &amp; Decks</Filter>
    </ClInclude>
    <ClInclude Include="Phase.h">
      <Filter>Header Files\Table</Filter>
    </ClInclude>
    <ClInclude Include="Strategy.h">
      <Filter>Header Files\AI\Dummy</Filter>
    </ClInclude>
    <ClInclude Include="Orchastrator.h">
      <Filter>Header Files\AI\Dummy</Filter>
    </ClInclude>
    <ClInclude Include="BlossomAI.h">
      <Filter>Header Files\AI\Dummy</Filter>
    </ClInclude>
    <ClInclude Include="GeneticTest.h">
      <Filter>Header Files</Filter>
    </ClInclude>
    <ClInclude Include="Rank.h">
      <Filter>Header Files\Cards &amp; Decks</Filter>
    </ClInclude>
    <ClInclude Include="Scheduler.h">
      <Filter>Header Files\Tools</Filter>
    </ClInclude>
    <ClInclude Include="LogWriter.h">
      <Filter>Header Files\Tools</Filter>
    </ClInclude>
    <ClInclude Include="HandEvaluator.h">
      <Filter>Header Files\Cards &amp; Decks</Filter>
    </ClInclude>
    <ClInclude Include="LogType.h">
      <Filter>Header Files\Tools</Filter>
    </ClInclude>
    <ClInclude Include="Table.h">
      <Filter>Header Files\Table</Filter>
    </ClInclude>
    <ClInclude Include="Tournament.h">
      <Filter>Header Files</Filter>
    </ClInclude>
    <ClInclude Include="Participant.h">
      <Filter>Header Files</Filter>
    </ClInclude>
  </ItemGroup>
  <ItemGroup>
    <None Include="ClassDiagram.cd" />
  </ItemGroup>
</Project>