<?xml version="1.0" encoding="utf-8"?>
<Project ToolsVersion="4.0" xmlns="http://schemas.microsoft.com/developer/msbuild/2003">
  <ItemGroup>
    <Filter Include="Source Files">
      <UniqueIdentifier>{4FC737F1-C7A5-4376-A066-2A32D752A2FF}</UniqueIdentifier>
      <Extensions>cpp;c;cc;cxx;def;odl;idl;hpj;bat;asm;asmx</Extensions>
    </Filter>
    <Filter Include="Header Files">
      <UniqueIdentifier>{93995380-89BD-4b04-88EB-625FBE52EBFB}</UniqueIdentifier>
      <Extensions>h;hh;hpp;hxx;hm;inl;inc;xsd</Extensions>
    </Filter>
    <Filter Include="Resource Files">
      <UniqueIdentifier>{67DA6AB6-F800-4c08-8B7A-83BB121AAD01}</UniqueIdentifier>
      <Extensions>rc;ico;cur;bmp;dlg;rc2;rct;bin;rgs;gif;jpg;jpeg;jpe;resx;tiff;tif;png;wav;mfcribbon-ms</Extensions>
    </Filter>
    <Filter Include="Header Files\Cards &amp; Decks">
      <UniqueIdentifier>{1174c991-e0b8-419a-8d7e-7026609c217b}</UniqueIdentifier>
    </Filter>
    <Filter Include="Source Files\Cards &amp; Decks">
      <UniqueIdentifier>{fb6725dd-f2ee-471f-a51d-7d9662f029b4}</UniqueIdentifier>
    </Filter>
    <Filter Include="Header Files\Player">
      <UniqueIdentifier>{878bf75d-6b06-4adc-a987-72b7ef884f31}</UniqueIdentifier>
    </Filter>
    <Filter Include="Source Files\Player">
      <UniqueIdentifier>{3ee7dc31-0d22-432d-a40b-df95bcd07db0}</UniqueIdentifier>
    </Filter>
    <Filter Include="Header Files\AI">
      <UniqueIdentifier>{359aa1f8-a085-49fd-8fbb-c20347feda93}</UniqueIdentifier>
    </Filter>
    <Filter Include="Source Files\AI">
      <UniqueIdentifier>{4a95047a-583b-48cf-b67d-8e1f672b3d17}</UniqueIdentifier>
    </Filter>
    <Filter Include="Header Files\Tools">
      <UniqueIdentifier>{22b95744-64d6-4781-9df5-8e405f6aecb8}</UniqueIdentifier>
    </Filter>
    <Filter Include="Source Files\Tools">
      <UniqueIdentifier>{d11d15a8-0456-423e-80f2-9a706921e19a}</UniqueIdentifier>
    </Filter>
    <Filter Include="Header Files\Table">
      <UniqueIdentifier>{a9fcae6a-363c-4395-b128-b9a2bd0c2064}</UniqueIdentifier>
    </Filter>
    <Filter Include="Source Files\Table">
      <UniqueIdentifier>{67436042-2833-4cda-9647-1a31bcb75fe4}</UniqueIdentifier>
    </Filter>
  </ItemGroup>
  <ItemGroup>
    <ClCompile Include="Bin\Player\Src\Caller.cpp">
      <Filter>Source Files\Player</Filter>
    </ClCompile>
    <ClCompile Include="Bin\Player\Src\Folder.cpp">
      <Filter>Source Files\Player</Filter>
    </ClCompile>
    <ClCompile Include="Bin\Player\Src\Player.cpp">
      <Filter>Source Files\Player</Filter>
    </ClCompile>
    <ClCompile Include="Bin\Player\Src\Raiser.cpp">
      <Filter>Source Files\Player</Filter>
    </ClCompile>
    <ClCompile Include="Bin\Player\Src\Randomer.cpp">
      <Filter>Source Files\Player</Filter>
    </ClCompile>
    <ClCompile Include="Bin\Player\Src\Strategy.cpp">
      <Filter>Source Files\Player</Filter>
    </ClCompile>
    <ClCompile Include="Bin\Tools\src\GeneticTrainer.cpp">
      <Filter>Source Files\Tools</Filter>
    </ClCompile>
    <ClCompile Include="Bin\Tools\src\LogWriter.cpp">
      <Filter>Source Files\Tools</Filter>
    </ClCompile>
    <ClCompile Include="Bin\Tools\src\Scheduler.cpp">
      <Filter>Source Files\Tools</Filter>
    </ClCompile>
    <ClCompile Include="Bin\AI\src\BlossomPlayer.cpp">
      <Filter>Source Files\AI</Filter>
    </ClCompile>
    <ClCompile Include="Bin\AI\src\BlossomAI.cpp">
      <Filter>Source Files\AI</Filter>
    </ClCompile>
    <ClCompile Include="Bin\Table\src\Match.cpp">
      <Filter>Source Files\Table</Filter>
    </ClCompile>
    <ClCompile Include="Bin\Table\src\Table.cpp">
      <Filter>Source Files\Table</Filter>
    </ClCompile>
    <ClCompile Include="Bin\Table\src\Tournament.cpp">
      <Filter>Source Files\Table</Filter>
    </ClCompile>
    <ClCompile Include="Bin\Table\src\Participant.cpp">
      <Filter>Source Files\Table</Filter>
    </ClCompile>
    <ClCompile Include="Bin\Main.cpp">
      <Filter>Source Files</Filter>
    </ClCompile>
    <ClCompile Include="Bin\Cards\src\Card.cpp">
      <Filter>Source Files\Cards &amp; Decks</Filter>
    </ClCompile>
    <ClCompile Include="Bin\Cards\src\Deck.cpp">
      <Filter>Source Files\Cards &amp; Decks</Filter>
    </ClCompile>
    <ClCompile Include="Bin\Cards\src\HandEvaluator.cpp">
      <Filter>Source Files\Cards &amp; Decks</Filter>
    </ClCompile>
    <ClCompile Include="OMPEval\src\CardRange.cpp">
      <Filter>Source Files</Filter>
    </ClCompile>
    <ClCompile Include="OMPEval\src\CombinedRange.cpp">
      <Filter>Source Files</Filter>
    </ClCompile>
    <ClCompile Include="OMPEval\src\EquityCalculator.cpp">
      <Filter>Source Files</Filter>
    </ClCompile>
    <ClCompile Include="OMPEval\src\Evaluator.cpp">
      <Filter>Source Files</Filter>
    </ClCompile>
    <ClCompile Include="bin\Tools\src\Precomputation.cpp">
      <Filter>Source Files</Filter>
    </ClCompile>
    <ClCompile Include="bin\Tools\src\Selector.cpp">
      <Filter>Source Files</Filter>
    </ClCompile>
    <ClCompile Include="bin\Tools\src\Crossoverer.cpp">
      <Filter>Source Files</Filter>
    </ClCompile>
    <ClCompile Include="bin\Tools\src\Mutator.cpp">
      <Filter>Source Files</Filter>
    </ClCompile>
    <ClCompile Include="bin\Player\src\CallRaiser.cpp">
      <Filter>Source Files</Filter>
    </ClCompile>
  </ItemGroup>
  <ItemGroup>
    <ClInclude Include="Bin\Player\Inc\Caller.h">
      <Filter>Header Files\Player</Filter>
    </ClInclude>
    <ClInclude Include="Bin\Player\Inc\Folder.h">
      <Filter>Header Files\Player</Filter>
    </ClInclude>
    <ClInclude Include="Bin\Player\Inc\Player.h">
      <Filter>Header Files\Player</Filter>
    </ClInclude>
    <ClInclude Include="Bin\Player\Inc\Raiser.h">
      <Filter>Header Files\Player</Filter>
    </ClInclude>
    <ClInclude Include="Bin\Player\Inc\Randomer.h">
      <Filter>Header Files\Player</Filter>
    </ClInclude>
    <ClInclude Include="Bin\Player\Inc\Strategy.h">
      <Filter>Header Files\Player</Filter>
    </ClInclude>
    <ClInclude Include="Bin\Tools\inc\GeneticTrainer.h">
      <Filter>Header Files\Tools</Filter>
    </ClInclude>
    <ClInclude Include="Bin\Tools\inc\LogType.h">
      <Filter>Header Files\Tools</Filter>
    </ClInclude>
    <ClInclude Include="Bin\Tools\inc\LogWriter.h">
      <Filter>Header Files\Tools</Filter>
    </ClInclude>
    <ClInclude Include="Bin\Tools\inc\Scheduler.h">
      <Filter>Header Files\Tools</Filter>
    </ClInclude>
    <ClInclude Include="Bin\Tools\inc\xoroshiro128+.h">
      <Filter>Header Files\Tools</Filter>
    </ClInclude>
    <ClInclude Include="Bin\AI\inc\BlossomPlayer.h">
      <Filter>Header Files\AI</Filter>
    </ClInclude>
    <ClInclude Include="Bin\AI\inc\BlossomAI.h">
      <Filter>Header Files\AI</Filter>
    </ClInclude>
    <ClInclude Include="Bin\AI\inc\Snapshot.h">
      <Filter>Header Files\AI</Filter>
    </ClInclude>
    <ClInclude Include="Bin\Table\inc\Table.h">
      <Filter>Header Files\Table</Filter>
    </ClInclude>
    <ClInclude Include="Bin\Table\inc\Match.h">
      <Filter>Header Files\Table</Filter>
    </ClInclude>
    <ClInclude Include="Bin\Table\inc\Tournament.h">
      <Filter>Header Files\Table</Filter>
    </ClInclude>
    <ClInclude Include="Bin\Table\inc\RaiseBetSize.h">
      <Filter>Header Files\Table</Filter>
    </ClInclude>
    <ClInclude Include="Bin\Table\inc\BettingAction.h">
      <Filter>Header Files\Table</Filter>
    </ClInclude>
    <ClInclude Include="Bin\Table\inc\Participant.h">
      <Filter>Header Files\Table</Filter>
    </ClInclude>
    <ClInclude Include="Bin\Table\inc\Phase.h">
      <Filter>Header Files\Table</Filter>
    </ClInclude>
    <ClInclude Include="Bin\Cards\inc\Card.h">
      <Filter>Header Files\Cards &amp; Decks</Filter>
    </ClInclude>
    <ClInclude Include="Bin\Cards\inc\ComparisonResult.h">
      <Filter>Header Files\Cards &amp; Decks</Filter>
    </ClInclude>
    <ClInclude Include="Bin\Cards\inc\Deck.h">
      <Filter>Header Files\Cards &amp; Decks</Filter>
    </ClInclude>
    <ClInclude Include="Bin\Cards\inc\HandEvaluator.h">
      <Filter>Header Files\Cards &amp; Decks</Filter>
    </ClInclude>
    <ClInclude Include="OMPEval\inc\Util.h">
      <Filter>Header Files</Filter>
    </ClInclude>
    <ClInclude Include="OMPEval\inc\CardRange.h">
      <Filter>Header Files</Filter>
    </ClInclude>
    <ClInclude Include="OMPEval\inc\CombinedRange.h">
      <Filter>Header Files</Filter>
    </ClInclude>
    <ClInclude Include="OMPEval\inc\Constants.h">
      <Filter>Header Files</Filter>
    </ClInclude>
    <ClInclude Include="OMPEval\inc\EquityCalculator.h">
      <Filter>Header Files</Filter>
    </ClInclude>
    <ClInclude Include="OMPEval\inc\Hand.h">
      <Filter>Header Files</Filter>
    </ClInclude>
    <ClInclude Include="OMPEval\inc\libdivide.h">
      <Filter>Header Files</Filter>
    </ClInclude>
    <ClInclude Include="OMPEval\inc\Random.h">
      <Filter>Header Files</Filter>
    </ClInclude>
    <ClInclude Include="OMPEval\OffsetTable.hxx">
      <Filter>Header Files</Filter>
    </ClInclude>
    <ClInclude Include="OMPEval\inc\Evaluator.h">
      <Filter>Header Files</Filter>
    </ClInclude>
    <ClInclude Include="bin\Tools\inc\Precomputation.h">
      <Filter>Header Files</Filter>
    </ClInclude>
    <ClInclude Include="bin\Tools\inc\TrainingModel.h">
      <Filter>Header Files</Filter>
    </ClInclude>
    <ClInclude Include="bin\Tools\inc\Selector.h">
      <Filter>Header Files</Filter>
    </ClInclude>
    <ClInclude Include="bin\Tools\inc\Crossoverer.h">
      <Filter>Header Files</Filter>
    </ClInclude>
    <ClInclude Include="bin\Tools\inc\Mutator.h">
      <Filter>Header Files</Filter>
    </ClInclude>
    <ClInclude Include="bin\Player\inc\CallRaiser.h">
      <Filter>Header Files</Filter>
    </ClInclude>
  </ItemGroup>
  <ItemGroup>
    <None Include="ClassDiagram.cd" />
    <None Include="HandRanks.dat" />
  </ItemGroup>
  <ItemGroup>
    <Text Include="PrefopOdds.txt" />
    <Text Include="PreflopResults.txt" />
  </ItemGroup>
</Project>