<?xml version="1.0" encoding="utf-8"?>
<Project ToolsVersion="4.0" xmlns="http://schemas.microsoft.com/developer/msbuild/2003">
  <ItemGroup>
    <Filter Include="Source Files">
      <UniqueIdentifier>{4FC737F1-C7A5-4376-A066-2A32D752A2FF}</UniqueIdentifier>
      <Extensions>cpp;c;cc;cxx;def;odl;idl;hpj;bat;asm;asmx</Extensions>
    </Filter>
    <Filter Include="Header Files">
      <UniqueIdentifier>{93995380-89BD-4b04-88EB-625FBE52EBFB}</UniqueIdentifier>
      <Extensions>h;hh;hpp;hxx;hm;inl;inc;xsd</Extensions>
    </Filter>
    <Filter Include="Resource Files">
      <UniqueIdentifier>{67DA6AB6-F800-4c08-8B7A-83BB121AAD01}</UniqueIdentifier>
      <Extensions>rc;ico;cur;bmp;dlg;rc2;rct;bin;rgs;gif;jpg;jpeg;jpe;resx;tiff;tif;png;wav;mfcribbon-ms</Extensions>
    </Filter>
  </ItemGroup>
  <ItemGroup>
    <ClInclude Include="inc\action.h">
      <Filter>Header Files</Filter>
    </ClInclude>
    <ClInclude Include="inc\ai.h">
      <Filter>Header Files</Filter>
    </ClInclude>
    <ClInclude Include="inc\ai_blindlimp.h">
      <Filter>Header Files</Filter>
    </ClInclude>
    <ClInclude Include="inc\ai_Blossom.h">
      <Filter>Header Files</Filter>
    </ClInclude>
    <ClInclude Include="inc\ai_call.h">
      <Filter>Header Files</Filter>
    </ClInclude>
    <ClInclude Include="inc\ai_checkfold.h">
      <Filter>Header Files</Filter>
    </ClInclude>
    <ClInclude Include="inc\ai_human.h">
      <Filter>Header Files</Filter>
    </ClInclude>
    <ClInclude Include="inc\ai_raise.h">
      <Filter>Header Files</Filter>
    </ClInclude>
    <ClInclude Include="inc\ai_random.h">
      <Filter>Header Files</Filter>
    </ClInclude>
    <ClInclude Include="inc\ai_smart.h">
      <Filter>Header Files</Filter>
    </ClInclude>
    <ClInclude Include="inc\card.h">
      <Filter>Header Files</Filter>
    </ClInclude>
    <ClInclude Include="inc\changelist.h">
      <Filter>Header Files</Filter>
    </ClInclude>
    <ClInclude Include="inc\combination.h">
      <Filter>Header Files</Filter>
    </ClInclude>
    <ClInclude Include="inc\deck.h">
      <Filter>Header Files</Filter>
    </ClInclude>
    <ClInclude Include="inc\event.h">
      <Filter>Header Files</Filter>
    </ClInclude>
    <ClInclude Include="inc\game.h">
      <Filter>Header Files</Filter>
    </ClInclude>
    <ClInclude Include="inc\GameManager.h">
      <Filter>Header Files</Filter>
    </ClInclude>
    <ClInclude Include="inc\host.h">
      <Filter>Header Files</Filter>
    </ClInclude>
    <ClInclude Include="inc\host_terminal.h">
      <Filter>Header Files</Filter>
    </ClInclude>
    <ClInclude Include="inc\info.h">
      <Filter>Header Files</Filter>
    </ClInclude>
    <ClInclude Include="inc\io_terminal.h">
      <Filter>Header Files</Filter>
    </ClInclude>
    <ClInclude Include="inc\observer.h">
      <Filter>Header Files</Filter>
    </ClInclude>
    <ClInclude Include="inc\observer_log.h">
      <Filter>Header Files</Filter>
    </ClInclude>
    <ClInclude Include="inc\observer_statkeeper.h">
      <Filter>Header Files</Filter>
    </ClInclude>
    <ClInclude Include="inc\observer_terminal.h">
      <Filter>Header Files</Filter>
    </ClInclude>
    <ClInclude Include="inc\observer_terminal_quiet.h">
      <Filter>Header Files</Filter>
    </ClInclude>
    <ClInclude Include="inc\player.h">
      <Filter>Header Files</Filter>
    </ClInclude>
    <ClInclude Include="inc\pokereval.h">
      <Filter>Header Files</Filter>
    </ClInclude>
    <ClInclude Include="inc\pokereval2.h">
      <Filter>Header Files</Filter>
    </ClInclude>
    <ClInclude Include="inc\pokermath.h">
      <Filter>Header Files</Filter>
    </ClInclude>
    <ClInclude Include="inc\random.h">
      <Filter>Header Files</Filter>
    </ClInclude>
    <ClInclude Include="inc\rules.h">
      <Filter>Header Files</Filter>
    </ClInclude>
    <ClInclude Include="inc\statistics.h">
      <Filter>Header Files</Filter>
    </ClInclude>
    <ClInclude Include="inc\table.h">
      <Filter>Header Files</Filter>
    </ClInclude>
    <ClInclude Include="inc\tools_terminal.h">
      <Filter>Header Files</Filter>
    </ClInclude>
    <ClInclude Include="inc\unittest.h">
      <Filter>Header Files</Filter>
    </ClInclude>
    <ClInclude Include="inc\util.h">
      <Filter>Header Files</Filter>
    </ClInclude>
  </ItemGroup>
  <ItemGroup>
    <ClCompile Include="src\action.cpp">
      <Filter>Source Files</Filter>
    </ClCompile>
    <ClCompile Include="src\ai.cpp">
      <Filter>Source Files</Filter>
    </ClCompile>
    <ClCompile Include="src\ai_blindlimp.cpp">
      <Filter>Source Files</Filter>
    </ClCompile>
    <ClCompile Include="src\ai_Blossom.cpp">
      <Filter>Source Files</Filter>
    </ClCompile>
    <ClCompile Include="src\ai_call.cpp">
      <Filter>Source Files</Filter>
    </ClCompile>
    <ClCompile Include="src\ai_checkfold.cpp">
      <Filter>Source Files</Filter>
    </ClCompile>
    <ClCompile Include="src\ai_human.cpp">
      <Filter>Source Files</Filter>
    </ClCompile>
    <ClCompile Include="src\ai_raise.cpp">
      <Filter>Source Files</Filter>
    </ClCompile>
    <ClCompile Include="src\ai_random.cpp">
      <Filter>Source Files</Filter>
    </ClCompile>
    <ClCompile Include="src\ai_smart.cpp">
      <Filter>Source Files</Filter>
    </ClCompile>
    <ClCompile Include="src\card.cpp">
      <Filter>Source Files</Filter>
    </ClCompile>
    <ClCompile Include="src\combination.cpp">
      <Filter>Source Files</Filter>
    </ClCompile>
    <ClCompile Include="src\deck.cpp">
      <Filter>Source Files</Filter>
    </ClCompile>
    <ClCompile Include="src\event.cpp">
      <Filter>Source Files</Filter>
    </ClCompile>
    <ClCompile Include="src\game.cpp">
      <Filter>Source Files</Filter>
    </ClCompile>
    <ClCompile Include="src\GameManager.cpp">
      <Filter>Source Files</Filter>
    </ClCompile>
    <ClCompile Include="src\host.cpp">
      <Filter>Source Files</Filter>
    </ClCompile>
    <ClCompile Include="src\host_terminal.cpp">
      <Filter>Source Files</Filter>
    </ClCompile>
    <ClCompile Include="src\info.cpp">
      <Filter>Source Files</Filter>
    </ClCompile>
    <ClCompile Include="src\io_terminal.cpp">
      <Filter>Source Files</Filter>
    </ClCompile>
    <ClCompile Include="src\observer.cpp">
      <Filter>Source Files</Filter>
    </ClCompile>
    <ClCompile Include="src\observer_log.cpp">
      <Filter>Source Files</Filter>
    </ClCompile>
    <ClCompile Include="src\observer_statkeeper.cpp">
      <Filter>Source Files</Filter>
    </ClCompile>
    <ClCompile Include="src\observer_terminal.cpp">
      <Filter>Source Files</Filter>
    </ClCompile>
    <ClCompile Include="src\observer_terminal_quiet.cpp">
      <Filter>Source Files</Filter>
    </ClCompile>
    <ClCompile Include="src\player.cpp">
      <Filter>Source Files</Filter>
    </ClCompile>
    <ClCompile Include="src\pokereval.cpp">
      <Filter>Source Files</Filter>
    </ClCompile>
    <ClCompile Include="src\pokereval2.cpp">
      <Filter>Source Files</Filter>
    </ClCompile>
    <ClCompile Include="src\pokermath.cpp">
      <Filter>Source Files</Filter>
    </ClCompile>
    <ClCompile Include="src\random.cpp">
      <Filter>Source Files</Filter>
    </ClCompile>
    <ClCompile Include="src\rules.cpp">
      <Filter>Source Files</Filter>
    </ClCompile>
    <ClCompile Include="src\statistics.cpp">
      <Filter>Source Files</Filter>
    </ClCompile>
    <ClCompile Include="src\table.cpp">
      <Filter>Source Files</Filter>
    </ClCompile>
    <ClCompile Include="src\tools_terminal.cpp">
      <Filter>Source Files</Filter>
    </ClCompile>
    <ClCompile Include="src\unittest.cpp">
      <Filter>Source Files</Filter>
    </ClCompile>
    <ClCompile Include="src\util.cpp">
      <Filter>Source Files</Filter>
    </ClCompile>
    <ClCompile Include="src\main.cpp">
      <Filter>Source Files</Filter>
    </ClCompile>
  </ItemGroup>
</Project>